
Microsoft Visual Studio Solution File, Format Version 12.00
# Visual Studio 15
VisualStudioVersion = 15.0.28307.572
MinimumVisualStudioVersion = 10.0.40219.1
Project("{9A19103F-16F7-4668-BE54-9A1E7A4F7556}") = "GisysConsultBonusSystem", "GisysConsultBonusSystem\GisysConsultBonusSystem.csproj", "{94B7BF47-44E2-4633-9882-814C0E1D88B5}"
EndProject
Global
	GlobalSection(SolutionConfigurationPlatforms) = preSolution
		Debug|Any CPU = Debug|Any CPU
		Release|Any CPU = Release|Any CPU
	EndGlobalSection
	GlobalSection(ProjectConfigurationPlatforms) = postSolution
		{94B7BF47-44E2-4633-9882-814C0E1D88B5}.Debug|Any CPU.ActiveCfg = Debug|Any CPU
		{94B7BF47-44E2-4633-9882-814C0E1D88B5}.Debug|Any CPU.Build.0 = Debug|Any CPU
		{94B7BF47-44E2-4633-9882-814C0E1D88B5}.Release|Any CPU.ActiveCfg = Release|Any CPU
		{94B7BF47-44E2-4633-9882-814C0E1D88B5}.Release|Any CPU.Build.0 = Release|Any CPU
	EndGlobalSection
	GlobalSection(SolutionProperties) = preSolution
		HideSolutionNode = FALSE
	EndGlobalSection
	GlobalSection(ExtensibilityGlobals) = postSolution
		SolutionGuid = {6F60F2F9-1F3A-451D-8075-91F4F2F880A8}
	EndGlobalSection
EndGlobal
